
Microsoft Visual Studio Solution File, Format Version 12.00
# Visual Studio Version 16
VisualStudioVersion = 16.0.30711.63
MinimumVisualStudioVersion = 10.0.40219.1
Project("{FAE04EC0-301F-11D3-BF4B-00C04F79EFBC}") = "GSP_LR_1_3_IAIT_9", "GSP_LR_1_3_IAIT_9\GSP_LR_1_3_IAIT_9.csproj", "{FA6ABBFC-FB0F-4A51-817E-066409CABEA9}"
EndProject
Global
	GlobalSection(SolutionConfigurationPlatforms) = preSolution
		Debug|Any CPU = Debug|Any CPU
		Release|Any CPU = Release|Any CPU
	EndGlobalSection
	GlobalSection(ProjectConfigurationPlatforms) = postSolution
		{FA6ABBFC-FB0F-4A51-817E-066409CABEA9}.Debug|Any CPU.ActiveCfg = Debug|Any CPU
		{FA6ABBFC-FB0F-4A51-817E-066409CABEA9}.Debug|Any CPU.Build.0 = Debug|Any CPU
		{FA6ABBFC-FB0F-4A51-817E-066409CABEA9}.Release|Any CPU.ActiveCfg = Release|Any CPU
		{FA6ABBFC-FB0F-4A51-817E-066409CABEA9}.Release|Any CPU.Build.0 = Release|Any CPU
	EndGlobalSection
	GlobalSection(SolutionProperties) = preSolution
		HideSolutionNode = FALSE
	EndGlobalSection
	GlobalSection(ExtensibilityGlobals) = postSolution
		SolutionGuid = {EDED28FB-9570-4324-8256-C4C0BD95D9D0}
	EndGlobalSection
EndGlobal
